
Microsoft Visual Studio Solution File, Format Version 12.00
# Visual Studio Version 17
VisualStudioVersion = 17.6.33723.286
MinimumVisualStudioVersion = 10.0.40219.1
Project("{FAE04EC0-301F-11D3-BF4B-00C04F79EFBC}") = "TrueFalseExceptionChecker", "TrueFalseExceptionChecker\TrueFalseExceptionChecker.csproj", "{E5339B22-3113-43B9-B829-201C81CAA1F8}"
EndProject
Project("{FAE04EC0-301F-11D3-BF4B-00C04F79EFBC}") = "TrueFalseExceptionCheckerDemo", "TrueFalseExceptionCheckerDemo\TrueFalseExceptionCheckerDemo.csproj", "{99397D5A-95BA-47BE-9701-37E34619E2AF}"
EndProject
Global
	GlobalSection(SolutionConfigurationPlatforms) = preSolution
		Debug|Any CPU = Debug|Any CPU
		Release|Any CPU = Release|Any CPU
	EndGlobalSection
	GlobalSection(ProjectConfigurationPlatforms) = postSolution
		{E5339B22-3113-43B9-B829-201C81CAA1F8}.Debug|Any CPU.ActiveCfg = Debug|Any CPU
		{E5339B22-3113-43B9-B829-201C81CAA1F8}.Debug|Any CPU.Build.0 = Debug|Any CPU
		{E5339B22-3113-43B9-B829-201C81CAA1F8}.Release|Any CPU.ActiveCfg = Release|Any CPU
		{E5339B22-3113-43B9-B829-201C81CAA1F8}.Release|Any CPU.Build.0 = Release|Any CPU
		{99397D5A-95BA-47BE-9701-37E34619E2AF}.Debug|Any CPU.ActiveCfg = Debug|Any CPU
		{99397D5A-95BA-47BE-9701-37E34619E2AF}.Debug|Any CPU.Build.0 = Debug|Any CPU
		{99397D5A-95BA-47BE-9701-37E34619E2AF}.Release|Any CPU.ActiveCfg = Release|Any CPU
		{99397D5A-95BA-47BE-9701-37E34619E2AF}.Release|Any CPU.Build.0 = Release|Any CPU
	EndGlobalSection
	GlobalSection(SolutionProperties) = preSolution
		HideSolutionNode = FALSE
	EndGlobalSection
	GlobalSection(ExtensibilityGlobals) = postSolution
		SolutionGuid = {CC666F8F-1212-4A9C-916E-2E68D8ECEFB9}
	EndGlobalSection
EndGlobal
